
Microsoft Visual Studio Solution File, Format Version 12.00
# Visual Studio Version 16
VisualStudioVersion = 16.0.31729.503
MinimumVisualStudioVersion = 10.0.40219.1
Project("{FAE04EC0-301F-11D3-BF4B-00C04F79EFBC}") = "hci_projekat2", "hci_projekat2.csproj", "{4D1C6428-A9CA-415D-9BF0-935A0603D399}"
EndProject
Global
	GlobalSection(SolutionConfigurationPlatforms) = preSolution
		Debug|Any CPU = Debug|Any CPU
		Release|Any CPU = Release|Any CPU
	EndGlobalSection
	GlobalSection(ProjectConfigurationPlatforms) = postSolution
		{4D1C6428-A9CA-415D-9BF0-935A0603D399}.Debug|Any CPU.ActiveCfg = Debug|Any CPU
		{4D1C6428-A9CA-415D-9BF0-935A0603D399}.Debug|Any CPU.Build.0 = Debug|Any CPU
		{4D1C6428-A9CA-415D-9BF0-935A0603D399}.Release|Any CPU.ActiveCfg = Release|Any CPU
		{4D1C6428-A9CA-415D-9BF0-935A0603D399}.Release|Any CPU.Build.0 = Release|Any CPU
	EndGlobalSection
	GlobalSection(SolutionProperties) = preSolution
		HideSolutionNode = FALSE
	EndGlobalSection
	GlobalSection(ExtensibilityGlobals) = postSolution
		SolutionGuid = {AEC3EF51-0D85-4A0E-BD0F-C49E73D77A1D}
	EndGlobalSection
EndGlobal
